<?xml version="1.0" encoding="utf-8"?>
<Project ToolsVersion="4.0" xmlns="http://schemas.microsoft.com/developer/msbuild/2003">
  <ItemGroup>
    <Filter Include="Engine">
      <UniqueIdentifier>{418bfc37-36e5-4fe3-b40e-1d7e2566130e}</UniqueIdentifier>
    </Filter>
    <Filter Include="Engine\02.Core">
      <UniqueIdentifier>{2009796b-4a8c-4e38-bce4-b57fd4e28509}</UniqueIdentifier>
    </Filter>
    <Filter Include="Engine\01.Header">
      <UniqueIdentifier>{b781da4f-5fe1-4d44-aaeb-37cebd54d4d8}</UniqueIdentifier>
    </Filter>
    <Filter Include="Resource">
      <UniqueIdentifier>{67DA6AB6-F800-4c08-8B7A-83BB121AAD01}</UniqueIdentifier>
      <Extensions>rc;ico;cur;bmp;dlg;rc2;rct;bin;rgs;gif;jpg;jpeg;jpe;resx;tiff;tif;png;wav;mfcribbon-ms</Extensions>
    </Filter>
    <Filter Include="Engine\03.Manager">
      <UniqueIdentifier>{2bc08fed-b6b7-4496-bbcf-5832858f4688}</UniqueIdentifier>
    </Filter>
    <Filter Include="Engine\03.Manager\KeyMgr">
      <UniqueIdentifier>{a1ee98b7-3d10-4127-8baf-e4e7621b14ad}</UniqueIdentifier>
    </Filter>
    <Filter Include="Engine\04.Object">
      <UniqueIdentifier>{b249479d-fec0-41ce-b61e-7d8686744201}</UniqueIdentifier>
    </Filter>
    <Filter Include="Engine\03.Manager\CTimeMgr">
      <UniqueIdentifier>{b8c3fcce-5016-47cc-977b-421822c2a435}</UniqueIdentifier>
    </Filter>
    <Filter Include="Engine\05.Scene">
      <UniqueIdentifier>{97afa453-55ae-4d12-a64c-5c5aa4d32e14}</UniqueIdentifier>
    </Filter>
    <Filter Include="Engine\03.Manager\SceneMgr">
      <UniqueIdentifier>{bdd6b664-c399-4fee-8287-1b95cf5e71a5}</UniqueIdentifier>
    </Filter>
    <Filter Include="Engine\05.Scene\StartScene">
      <UniqueIdentifier>{1a7c1b30-47a6-42a3-9c3a-7bf5f00e1b40}</UniqueIdentifier>
    </Filter>
    <Filter Include="Engine\04.Object\Player">
      <UniqueIdentifier>{dd73202e-886b-48c3-ada7-9169de7d6977}</UniqueIdentifier>
    </Filter>
    <Filter Include="Engine\04.Object\Monster">
      <UniqueIdentifier>{1ab95786-55c2-4248-9373-08c231cc31fa}</UniqueIdentifier>
    </Filter>
    <Filter Include="Engine\04.Object\Missile">
      <UniqueIdentifier>{7586ca90-649c-46f8-b741-6a5c94ba9728}</UniqueIdentifier>
    </Filter>
    <Filter Include="Engine\06.Resource">
      <UniqueIdentifier>{eccadd75-696a-405f-b274-eaecd93575cb}</UniqueIdentifier>
    </Filter>
    <Filter Include="Engine\06.Resource\Texture">
      <UniqueIdentifier>{912ce779-bb45-486b-bc01-80b2c56d6cbc}</UniqueIdentifier>
    </Filter>
    <Filter Include="Engine\06.Resource\Sound">
      <UniqueIdentifier>{e5dfa829-b639-4119-9f92-e913dc0f44d1}</UniqueIdentifier>
    </Filter>
    <Filter Include="Engine\03.Manager\PathMgr">
      <UniqueIdentifier>{851975d0-abf9-4dcc-b58a-a45e7ffff42d}</UniqueIdentifier>
    </Filter>
    <Filter Include="Engine\03.Manager\ResourceMgr">
      <UniqueIdentifier>{470da656-435c-4353-973a-5fb4beef17ad}</UniqueIdentifier>
    </Filter>
    <Filter Include="Engine\07.Component">
      <UniqueIdentifier>{feea8663-86ac-48e6-a88c-9073c2a95304}</UniqueIdentifier>
    </Filter>
    <Filter Include="Engine\08.Module">
      <UniqueIdentifier>{0a91b1f5-6cea-4b97-aa9b-9d56da80149c}</UniqueIdentifier>
    </Filter>
    <Filter Include="Engine\08.Module\SelectGDI">
      <UniqueIdentifier>{e689823d-8365-4c20-a557-97ca31ab8298}</UniqueIdentifier>
    </Filter>
    <Filter Include="Engine\03.Manager\CollisionMgr">
      <UniqueIdentifier>{f7528938-6d78-48e5-9ed4-8650c878bc0d}</UniqueIdentifier>
    </Filter>
    <Filter Include="Engine\03.Manager\EventMgr">
      <UniqueIdentifier>{c0358c00-4dee-457a-8ffa-d99ce38b8931}</UniqueIdentifier>
    </Filter>
    <Filter Include="Engine\05.Scene\SceneTool">
      <UniqueIdentifier>{8a9ac1f3-e9fd-4ae2-8fa4-95e72cdd8ffc}</UniqueIdentifier>
    </Filter>
    <Filter Include="Engine\07.Component\Animator">
      <UniqueIdentifier>{e3b6da7f-ce6f-460b-a9e4-52e0b8ff29d8}</UniqueIdentifier>
    </Filter>
    <Filter Include="Engine\07.Component\Collider">
      <UniqueIdentifier>{0dd0a7c8-2c6b-436e-b510-867c0328b43b}</UniqueIdentifier>
    </Filter>
    <Filter Include="Engine\07.Component\Animation">
      <UniqueIdentifier>{c3b6ab4c-4275-4c19-8240-ddca433fd14a}</UniqueIdentifier>
    </Filter>
    <Filter Include="Engine\03.Manager\Camera">
      <UniqueIdentifier>{c39aafb6-c4b9-4351-abf5-a298c82a9284}</UniqueIdentifier>
    </Filter>
    <Filter Include="Engine\04.Object\Tile">
      <UniqueIdentifier>{8f69c4f1-cf7d-4977-a695-90a4602cb832}</UniqueIdentifier>
    </Filter>
    <Filter Include="Engine\04.Object\UI">
      <UniqueIdentifier>{84833735-175f-4d4f-ad06-0e83de5a7a43}</UniqueIdentifier>
    </Filter>
    <Filter Include="Engine\04.Object\UI\Panel">
      <UniqueIdentifier>{0d9b53e6-e7ba-46d1-8ab2-c54489061991}</UniqueIdentifier>
    </Filter>
    <Filter Include="Engine\04.Object\UI\Button">
      <UniqueIdentifier>{c4837522-476c-45b0-87b3-023bcac3a450}</UniqueIdentifier>
    </Filter>
    <Filter Include="Engine\03.Manager\UIMgr">
      <UniqueIdentifier>{53954e1e-6d27-4baa-9d65-496c15b8ea6d}</UniqueIdentifier>
    </Filter>
  </ItemGroup>
  <ItemGroup>
    <ClInclude Include="CCore.h">
      <Filter>Engine\02.Core</Filter>
    </ClInclude>
    <ClInclude Include="Client.h">
      <Filter>Engine\01.Header</Filter>
    </ClInclude>
    <ClInclude Include="framework.h">
      <Filter>Engine\01.Header</Filter>
    </ClInclude>
    <ClInclude Include="Resource.h">
      <Filter>Engine\01.Header</Filter>
    </ClInclude>
    <ClInclude Include="targetver.h">
      <Filter>Engine\01.Header</Filter>
    </ClInclude>
    <ClInclude Include="define.h">
      <Filter>Engine\01.Header</Filter>
    </ClInclude>
    <ClInclude Include="pch.h">
      <Filter>Engine\01.Header</Filter>
    </ClInclude>
    <ClInclude Include="CKeyMgr.h">
      <Filter>Engine\03.Manager\KeyMgr</Filter>
    </ClInclude>
    <ClInclude Include="CObject.h">
      <Filter>Engine\04.Object</Filter>
    </ClInclude>
    <ClInclude Include="struct.h">
      <Filter>Engine\01.Header</Filter>
    </ClInclude>
    <ClInclude Include="CTimeMgr.h">
      <Filter>Engine\03.Manager\CTimeMgr</Filter>
    </ClInclude>
    <ClInclude Include="CScene.h">
      <Filter>Engine\05.Scene</Filter>
    </ClInclude>
    <ClInclude Include="SceneMgr.h">
      <Filter>Engine\03.Manager\SceneMgr</Filter>
    </ClInclude>
    <ClInclude Include="CScene_Start.h">
      <Filter>Engine\05.Scene\StartScene</Filter>
    </ClInclude>
    <ClInclude Include="Player.h">
      <Filter>Engine\04.Object\Player</Filter>
    </ClInclude>
    <ClInclude Include="Monster.h">
      <Filter>Engine\04.Object\Monster</Filter>
    </ClInclude>
    <ClInclude Include="Missile.h">
      <Filter>Engine\04.Object\Missile</Filter>
    </ClInclude>
    <ClInclude Include="CResource.h">
      <Filter>Engine\06.Resource</Filter>
    </ClInclude>
    <ClInclude Include="CTexture.h">
      <Filter>Engine\06.Resource\Texture</Filter>
    </ClInclude>
    <ClInclude Include="CSound.h">
      <Filter>Engine\06.Resource\Sound</Filter>
    </ClInclude>
    <ClInclude Include="PathManager.h">
      <Filter>Engine\03.Manager\PathMgr</Filter>
    </ClInclude>
    <ClInclude Include="ResourceMgr.h">
      <Filter>Engine\03.Manager\ResourceMgr</Filter>
    </ClInclude>
    <ClInclude Include="SelectGDI.h">
      <Filter>Engine\08.Module\SelectGDI</Filter>
    </ClInclude>
    <ClInclude Include="CollisionMgr.h">
      <Filter>Engine\03.Manager\CollisionMgr</Filter>
    </ClInclude>
    <ClInclude Include="EventMgr.h">
      <Filter>Engine\03.Manager\EventMgr</Filter>
    </ClInclude>
    <ClInclude Include="func.h">
      <Filter>Engine\01.Header</Filter>
    </ClInclude>
    <ClInclude Include="SceneTool.h">
      <Filter>Engine\05.Scene\SceneTool</Filter>
    </ClInclude>
    <ClInclude Include="Animator.h">
      <Filter>Engine\07.Component\Animator</Filter>
    </ClInclude>
    <ClInclude Include="Collider.h">
      <Filter>Engine\07.Component\Collider</Filter>
    </ClInclude>
    <ClInclude Include="Animation.h">
      <Filter>Engine\07.Component\Animation</Filter>
    </ClInclude>
    <ClInclude Include="Camera.h">
      <Filter>Engine\03.Manager\Camera</Filter>
    </ClInclude>
    <ClInclude Include="Tile.h">
      <Filter>Engine\04.Object\Tile</Filter>
    </ClInclude>
    <ClInclude Include="global.h">
      <Filter>Engine\01.Header</Filter>
    </ClInclude>
    <ClInclude Include="UI.h">
      <Filter>Engine\04.Object\UI</Filter>
    </ClInclude>
    <ClInclude Include="Panel.h">
      <Filter>Engine\04.Object\UI\Panel</Filter>
    </ClInclude>
    <ClInclude Include="Button.h">
      <Filter>Engine\04.Object\UI\Button</Filter>
    </ClInclude>
    <ClInclude Include="UIMgr.h">
      <Filter>Engine\03.Manager\UIMgr</Filter>
    </ClInclude>
  </ItemGroup>
  <ItemGroup>
    <ClCompile Include="CCore.cpp">
      <Filter>Engine\02.Core</Filter>
    </ClCompile>
    <ClCompile Include="main.cpp" />
    <ClCompile Include="CKeyMgr.cpp">
      <Filter>Engine\03.Manager\KeyMgr</Filter>
    </ClCompile>
    <ClCompile Include="CObject.cpp">
      <Filter>Engine\04.Object</Filter>
    </ClCompile>
    <ClCompile Include="CTimeMgr.cpp">
      <Filter>Engine\03.Manager\CTimeMgr</Filter>
    </ClCompile>
    <ClCompile Include="CScene.cpp">
      <Filter>Engine\05.Scene</Filter>
    </ClCompile>
    <ClCompile Include="SceneMgr.cpp">
      <Filter>Engine\03.Manager\SceneMgr</Filter>
    </ClCompile>
    <ClCompile Include="CScene_Start.cpp">
      <Filter>Engine\05.Scene\StartScene</Filter>
    </ClCompile>
    <ClCompile Include="Player.cpp">
      <Filter>Engine\04.Object\Player</Filter>
    </ClCompile>
    <ClCompile Include="Monster.cpp">
      <Filter>Engine\04.Object\Monster</Filter>
    </ClCompile>
    <ClCompile Include="Missile.cpp">
      <Filter>Engine\04.Object\Missile</Filter>
    </ClCompile>
    <ClCompile Include="CResource.cpp">
      <Filter>Engine\06.Resource</Filter>
    </ClCompile>
    <ClCompile Include="CTexture.cpp">
      <Filter>Engine\06.Resource\Texture</Filter>
    </ClCompile>
    <ClCompile Include="CSound.cpp">
      <Filter>Engine\06.Resource\Sound</Filter>
    </ClCompile>
    <ClCompile Include="PathManager.cpp">
      <Filter>Engine\03.Manager\PathMgr</Filter>
    </ClCompile>
    <ClCompile Include="ResourceMgr.cpp">
      <Filter>Engine\03.Manager\ResourceMgr</Filter>
    </ClCompile>
    <ClCompile Include="SelectGDI.cpp">
      <Filter>Engine\08.Module\SelectGDI</Filter>
    </ClCompile>
    <ClCompile Include="CollisionMgr.cpp">
      <Filter>Engine\03.Manager\CollisionMgr</Filter>
    </ClCompile>
    <ClCompile Include="EventMgr.cpp">
      <Filter>Engine\03.Manager\EventMgr</Filter>
    </ClCompile>
    <ClCompile Include="func.cpp">
      <Filter>Engine\01.Header</Filter>
    </ClCompile>
    <ClCompile Include="SceneTool.cpp">
      <Filter>Engine\05.Scene\SceneTool</Filter>
    </ClCompile>
    <ClCompile Include="Animator.cpp">
      <Filter>Engine\07.Component\Animator</Filter>
    </ClCompile>
    <ClCompile Include="Collider.cpp">
      <Filter>Engine\07.Component\Collider</Filter>
    </ClCompile>
    <ClCompile Include="Animation.cpp">
      <Filter>Engine\07.Component\Animation</Filter>
    </ClCompile>
    <ClCompile Include="Camera.cpp">
      <Filter>Engine\03.Manager\Camera</Filter>
    </ClCompile>
    <ClCompile Include="Tile.cpp">
      <Filter>Engine\04.Object\Tile</Filter>
    </ClCompile>
    <ClCompile Include="UI.cpp">
      <Filter>Engine\04.Object\UI</Filter>
    </ClCompile>
    <ClCompile Include="Panel.cpp">
      <Filter>Engine\04.Object\UI\Panel</Filter>
    </ClCompile>
    <ClCompile Include="Button.cpp">
      <Filter>Engine\04.Object\UI\Button</Filter>
    </ClCompile>
    <ClCompile Include="UIMgr.cpp">
      <Filter>Engine\03.Manager\UIMgr</Filter>
    </ClCompile>
  </ItemGroup>
  <ItemGroup>
    <ResourceCompile Include="Client.rc">
      <Filter>Resource</Filter>
    </ResourceCompile>
  </ItemGroup>
  <ItemGroup>
    <Image Include="small.ico">
      <Filter>Resource</Filter>
    </Image>
    <Image Include="Client.ico">
      <Filter>Resource</Filter>
    </Image>
  </ItemGroup>
</Project>